<?xml version="1.0" encoding="utf-8"?>
<Project ToolsVersion="4.0" xmlns="http://schemas.microsoft.com/developer/msbuild/2003">
  <ItemGroup>
    <Filter Include="Source Files">
      <UniqueIdentifier>{4FC737F1-C7A5-4376-A066-2A32D752A2FF}</UniqueIdentifier>
      <Extensions>cpp;c;cc;cxx;c++;cppm;ixx;def;odl;idl;hpj;bat;asm;asmx</Extensions>
    </Filter>
    <Filter Include="Header Files">
      <UniqueIdentifier>{93995380-89BD-4b04-88EB-625FBE52EBFB}</UniqueIdentifier>
      <Extensions>h;hh;hpp;hxx;h++;hm;inl;inc;ipp;xsd</Extensions>
    </Filter>
    <Filter Include="Resource Files">
      <UniqueIdentifier>{67DA6AB6-F800-4c08-8B7A-83BB121AAD01}</UniqueIdentifier>
      <Extensions>rc;ico;cur;bmp;dlg;rc2;rct;bin;rgs;gif;jpg;jpeg;jpe;resx;tiff;tif;png;wav;mfcribbon-ms</Extensions>
    </Filter>
    <Filter Include="Header Files\pim">
      <UniqueIdentifier>{c6d59a06-ed22-40e2-a772-bf281a95682d}</UniqueIdentifier>
    </Filter>
    <Filter Include="Source Files\pim">
      <UniqueIdentifier>{57aac767-d490-4940-9dc1-b16d71162f69}</UniqueIdentifier>
    </Filter>
  </ItemGroup>
  <ItemGroup>
    <ClCompile Include="main.c">
      <Filter>Source Files</Filter>
    </ClCompile>
    <ClCompile Include="pim\test.c">
      <Filter>Source Files\pim</Filter>
    </ClCompile>
    <ClCompile Include="pim\arrays.c">
      <Filter>Source Files\pim</Filter>
    </ClCompile>
    <ClCompile Include="pim\cns.c">
      <Filter>Source Files\pim</Filter>
    </ClCompile>
    <ClCompile Include="pim\list.c">
      <Filter>Source Files\pim</Filter>
    </ClCompile>
    <ClCompile Include="pim\dt.c">
      <Filter>Source Files\pim</Filter>
    </ClCompile>
    <ClCompile Include="pim\errors.c">
      <Filter>Source Files\pim</Filter>
    </ClCompile>
    <ClCompile Include="pim\log.c">
      <Filter>Source Files\pim</Filter>
    </ClCompile>
    <ClCompile Include="pim\maybe.c">
      <Filter>Source Files\pim</Filter>
    </ClCompile>
    <ClCompile Include="pim\strings.c">
      <Filter>Source Files\pim</Filter>
    </ClCompile>
    <ClCompile Include="test_arrays.c">
      <Filter>Source Files</Filter>
    </ClCompile>
    <ClCompile Include="test_maybe.c">
      <Filter>Source Files</Filter>
    </ClCompile>
    <ClCompile Include="test_strings.c">
      <Filter>Source Files</Filter>
    </ClCompile>
    <ClCompile Include="test_list.c">
      <Filter>Source Files</Filter>
    </ClCompile>
    <ClCompile Include="pim\map.c">
      <Filter>Source Files\pim</Filter>
    </ClCompile>
    <ClCompile Include="test_map.c">
      <Filter>Source Files</Filter>
    </ClCompile>
  </ItemGroup>
  <ItemGroup>
    <ClInclude Include="pim\test.h">
      <Filter>Header Files\pim</Filter>
    </ClInclude>
    <ClInclude Include="pim\arrays.h">
      <Filter>Header Files\pim</Filter>
    </ClInclude>
    <ClInclude Include="pim\cns.h">
      <Filter>Header Files\pim</Filter>
    </ClInclude>
    <ClInclude Include="pim\list.h">
      <Filter>Header Files\pim</Filter>
    </ClInclude>
    <ClInclude Include="pim\dt.h">
      <Filter>Header Files\pim</Filter>
    </ClInclude>
    <ClInclude Include="pim\errors.h">
      <Filter>Header Files\pim</Filter>
    </ClInclude>
    <ClInclude Include="pim\log.h">
      <Filter>Header Files\pim</Filter>
    </ClInclude>
    <ClInclude Include="pim\maybe.h">
      <Filter>Header Files\pim</Filter>
    </ClInclude>
    <ClInclude Include="pim\strings.h">
      <Filter>Header Files\pim</Filter>
    </ClInclude>
    <ClInclude Include="test_arrays.h">
      <Filter>Header Files</Filter>
    </ClInclude>
    <ClInclude Include="test_maybe.h">
      <Filter>Header Files</Filter>
    </ClInclude>
    <ClInclude Include="test_strings.h">
      <Filter>Header Files</Filter>
    </ClInclude>
    <ClInclude Include="test_list.h">
      <Filter>Header Files</Filter>
    </ClInclude>
    <ClInclude Include="pim\map.h">
      <Filter>Header Files\pim</Filter>
    </ClInclude>
    <ClInclude Include="test_map.h">
      <Filter>Header Files</Filter>
    </ClInclude>
  </ItemGroup>
</Project>