<?xml version="1.0" encoding="utf-8"?>
<Project ToolsVersion="4.0" xmlns="http://schemas.microsoft.com/developer/msbuild/2003">
  <ItemGroup>
    <Filter Include="Source Files">
      <UniqueIdentifier>{4FC737F1-C7A5-4376-A066-2A32D752A2FF}</UniqueIdentifier>
      <Extensions>cpp;c;cc;cxx;c++;cppm;ixx;def;odl;idl;hpj;bat;asm;asmx</Extensions>
    </Filter>
    <Filter Include="Header Files">
      <UniqueIdentifier>{93995380-89BD-4b04-88EB-625FBE52EBFB}</UniqueIdentifier>
      <Extensions>h;hh;hpp;hxx;h++;hm;inl;inc;ipp;xsd</Extensions>
    </Filter>
    <Filter Include="Resource Files">
      <UniqueIdentifier>{67DA6AB6-F800-4c08-8B7A-83BB121AAD01}</UniqueIdentifier>
      <Extensions>rc;ico;cur;bmp;dlg;rc2;rct;bin;rgs;gif;jpg;jpeg;jpe;resx;tiff;tif;png;wav;mfcribbon-ms</Extensions>
    </Filter>
  </ItemGroup>
  <ItemGroup>
    <None Include="..\test\readme.md" />
  </ItemGroup>
  <ItemGroup>
    <ClCompile Include="ds_list.c">
      <Filter>Source Files</Filter>
    </ClCompile>
    <ClCompile Include="main.c">
      <Filter>Source Files</Filter>
    </ClCompile>
    <ClCompile Include="str_string_builder.c">
      <Filter>Source Files</Filter>
    </ClCompile>
    <ClCompile Include="str_string.c">
      <Filter>Source Files</Filter>
    </ClCompile>
    <ClCompile Include="arr.c">
      <Filter>Source Files</Filter>
    </ClCompile>
    <ClCompile Include="err.c">
      <Filter>Source Files</Filter>
    </ClCompile>
    <ClCompile Include="maybe.c">
      <Filter>Source Files</Filter>
    </ClCompile>
    <ClCompile Include="cns.c">
      <Filter>Source Files</Filter>
    </ClCompile>
    <ClCompile Include="log.c">
      <Filter>Source Files</Filter>
    </ClCompile>
    <ClCompile Include="dt.c">
      <Filter>Source Files</Filter>
    </ClCompile>
  </ItemGroup>
  <ItemGroup>
    <ClInclude Include="ds_list.h">
      <Filter>Header Files</Filter>
    </ClInclude>
    <ClInclude Include="str_string_builder.h">
      <Filter>Header Files</Filter>
    </ClInclude>
    <ClInclude Include="str_string.h">
      <Filter>Header Files</Filter>
    </ClInclude>
    <ClInclude Include="arr.h">
      <Filter>Header Files</Filter>
    </ClInclude>
    <ClInclude Include="err.h">
      <Filter>Header Files</Filter>
    </ClInclude>
    <ClInclude Include="maybe.h">
      <Filter>Header Files</Filter>
    </ClInclude>
    <ClInclude Include="cns.h">
      <Filter>Header Files</Filter>
    </ClInclude>
    <ClInclude Include="log.h">
      <Filter>Header Files</Filter>
    </ClInclude>
    <ClInclude Include="dt.h">
      <Filter>Header Files</Filter>
    </ClInclude>
  </ItemGroup>
</Project>